
Microsoft Visual Studio Solution File, Format Version 12.00
Project("{FAE04EC0-301F-11D3-BF4B-00C04F79EFBC}") = "EventApp1", "EventApp1\EventApp1.csproj", "{1FD3EA90-7F3C-4708-9952-0798F9299A82}"
EndProject
Project("{FAE04EC0-301F-11D3-BF4B-00C04F79EFBC}") = "Interfaces", "Interfaces\Interfaces.csproj", "{3781C502-8019-4260-A8A5-92B42481D28B}"
EndProject
Project("{FAE04EC0-301F-11D3-BF4B-00C04F79EFBC}") = "models", "models\models.csproj", "{00B6A2C1-BACF-4F38-A959-8B5A7DC3569A}"
EndProject
Project("{FAE04EC0-301F-11D3-BF4B-00C04F79EFBC}") = "WebApp", "WebApp\WebApp.csproj", "{4FA388AD-E759-4781-86BE-1DA3FA65B7BC}"
EndProject
Global
	GlobalSection(SolutionConfigurationPlatforms) = preSolution
		Debug|Any CPU = Debug|Any CPU
		Release|Any CPU = Release|Any CPU
	EndGlobalSection
	GlobalSection(ProjectConfigurationPlatforms) = postSolution
		{1FD3EA90-7F3C-4708-9952-0798F9299A82}.Debug|Any CPU.ActiveCfg = Debug|Any CPU
		{1FD3EA90-7F3C-4708-9952-0798F9299A82}.Debug|Any CPU.Build.0 = Debug|Any CPU
		{1FD3EA90-7F3C-4708-9952-0798F9299A82}.Release|Any CPU.ActiveCfg = Release|Any CPU
		{1FD3EA90-7F3C-4708-9952-0798F9299A82}.Release|Any CPU.Build.0 = Release|Any CPU
		{3781C502-8019-4260-A8A5-92B42481D28B}.Debug|Any CPU.ActiveCfg = Debug|Any CPU
		{3781C502-8019-4260-A8A5-92B42481D28B}.Debug|Any CPU.Build.0 = Debug|Any CPU
		{3781C502-8019-4260-A8A5-92B42481D28B}.Release|Any CPU.ActiveCfg = Release|Any CPU
		{3781C502-8019-4260-A8A5-92B42481D28B}.Release|Any CPU.Build.0 = Release|Any CPU
		{00B6A2C1-BACF-4F38-A959-8B5A7DC3569A}.Debug|Any CPU.ActiveCfg = Debug|Any CPU
		{00B6A2C1-BACF-4F38-A959-8B5A7DC3569A}.Debug|Any CPU.Build.0 = Debug|Any CPU
		{00B6A2C1-BACF-4F38-A959-8B5A7DC3569A}.Release|Any CPU.ActiveCfg = Release|Any CPU
		{00B6A2C1-BACF-4F38-A959-8B5A7DC3569A}.Release|Any CPU.Build.0 = Release|Any CPU
		{4FA388AD-E759-4781-86BE-1DA3FA65B7BC}.Debug|Any CPU.ActiveCfg = Debug|Any CPU
		{4FA388AD-E759-4781-86BE-1DA3FA65B7BC}.Debug|Any CPU.Build.0 = Debug|Any CPU
		{4FA388AD-E759-4781-86BE-1DA3FA65B7BC}.Release|Any CPU.ActiveCfg = Release|Any CPU
		{4FA388AD-E759-4781-86BE-1DA3FA65B7BC}.Release|Any CPU.Build.0 = Release|Any CPU
	EndGlobalSection
EndGlobal
